
Microsoft Visual Studio Solution File, Format Version 12.00
# Visual Studio Version 17
VisualStudioVersion = 17.0.32126.317
MinimumVisualStudioVersion = 10.0.40219.1
Project("{9A19103F-16F7-4668-BE54-9A1E7A4F7556}") = "AlexaNetCore", "AlexaNetCore\AlexaNetCore.csproj", "{85D43B87-1903-4D25-92CD-D2104EC26952}"
EndProject
Project("{9A19103F-16F7-4668-BE54-9A1E7A4F7556}") = "AlexaNetCore.Tests", "AlexaNetCore.Tests\AlexaNetCore.Tests.csproj", "{55897222-0A8B-4074-AB29-1EBB6B65DBA9}"
EndProject
Project("{9A19103F-16F7-4668-BE54-9A1E7A4F7556}") = "AlexaNetCore.FlashBriefing.Tests", "AlexaNetCore.FlashBriefing.Tests\AlexaNetCore.FlashBriefing.Tests.csproj", "{617A2246-05C0-4C93-B648-2054A623055B}"
EndProject
Project("{9A19103F-16F7-4668-BE54-9A1E7A4F7556}") = "SlotChecker", "AlexaSampleSkill\SlotChecker.csproj", "{1CC49E4D-4175-41FA-81DE-F5BD6314E2EE}"
EndProject
Project("{2150E333-8FDC-42A3-9474-1A3956D46DE8}") = "Sample Skill", "Sample Skill", "{F536CB5A-96F0-41CC-8B0B-6319B1869DFB}"
EndProject
Project("{9A19103F-16F7-4668-BE54-9A1E7A4F7556}") = "SlotCheckerSkill.Tests", "AlexaSampleSkill.Tests\SlotCheckerSkill.Tests.csproj", "{76B7C622-FF14-4402-A69D-5B6D2E8D9F42}"
EndProject
Global
	GlobalSection(SolutionConfigurationPlatforms) = preSolution
		Debug|Any CPU = Debug|Any CPU
		Release|Any CPU = Release|Any CPU
	EndGlobalSection
	GlobalSection(ProjectConfigurationPlatforms) = postSolution
		{85D43B87-1903-4D25-92CD-D2104EC26952}.Debug|Any CPU.ActiveCfg = Debug|Any CPU
		{85D43B87-1903-4D25-92CD-D2104EC26952}.Debug|Any CPU.Build.0 = Debug|Any CPU
		{85D43B87-1903-4D25-92CD-D2104EC26952}.Release|Any CPU.ActiveCfg = Release|Any CPU
		{85D43B87-1903-4D25-92CD-D2104EC26952}.Release|Any CPU.Build.0 = Release|Any CPU
		{55897222-0A8B-4074-AB29-1EBB6B65DBA9}.Debug|Any CPU.ActiveCfg = Debug|Any CPU
		{55897222-0A8B-4074-AB29-1EBB6B65DBA9}.Debug|Any CPU.Build.0 = Debug|Any CPU
		{55897222-0A8B-4074-AB29-1EBB6B65DBA9}.Release|Any CPU.ActiveCfg = Release|Any CPU
		{55897222-0A8B-4074-AB29-1EBB6B65DBA9}.Release|Any CPU.Build.0 = Release|Any CPU
		{617A2246-05C0-4C93-B648-2054A623055B}.Debug|Any CPU.ActiveCfg = Debug|Any CPU
		{617A2246-05C0-4C93-B648-2054A623055B}.Debug|Any CPU.Build.0 = Debug|Any CPU
		{617A2246-05C0-4C93-B648-2054A623055B}.Release|Any CPU.ActiveCfg = Release|Any CPU
		{617A2246-05C0-4C93-B648-2054A623055B}.Release|Any CPU.Build.0 = Release|Any CPU
		{1CC49E4D-4175-41FA-81DE-F5BD6314E2EE}.Debug|Any CPU.ActiveCfg = Debug|Any CPU
		{1CC49E4D-4175-41FA-81DE-F5BD6314E2EE}.Debug|Any CPU.Build.0 = Debug|Any CPU
		{1CC49E4D-4175-41FA-81DE-F5BD6314E2EE}.Release|Any CPU.ActiveCfg = Release|Any CPU
		{1CC49E4D-4175-41FA-81DE-F5BD6314E2EE}.Release|Any CPU.Build.0 = Release|Any CPU
		{76B7C622-FF14-4402-A69D-5B6D2E8D9F42}.Debug|Any CPU.ActiveCfg = Debug|Any CPU
		{76B7C622-FF14-4402-A69D-5B6D2E8D9F42}.Debug|Any CPU.Build.0 = Debug|Any CPU
		{76B7C622-FF14-4402-A69D-5B6D2E8D9F42}.Release|Any CPU.ActiveCfg = Release|Any CPU
		{76B7C622-FF14-4402-A69D-5B6D2E8D9F42}.Release|Any CPU.Build.0 = Release|Any CPU
	EndGlobalSection
	GlobalSection(SolutionProperties) = preSolution
		HideSolutionNode = FALSE
	EndGlobalSection
	GlobalSection(NestedProjects) = preSolution
		{1CC49E4D-4175-41FA-81DE-F5BD6314E2EE} = {F536CB5A-96F0-41CC-8B0B-6319B1869DFB}
		{76B7C622-FF14-4402-A69D-5B6D2E8D9F42} = {F536CB5A-96F0-41CC-8B0B-6319B1869DFB}
	EndGlobalSection
	GlobalSection(ExtensibilityGlobals) = postSolution
		SolutionGuid = {70D572AD-981E-4FE1-A04E-C2BCDA319AFA}
	EndGlobalSection
EndGlobal
